
Microsoft Visual Studio Solution File, Format Version 12.00
# Visual Studio 15
VisualStudioVersion = 15.0.28307.329
MinimumVisualStudioVersion = 10.0.40219.1
Project("{FAE04EC0-301F-11D3-BF4B-00C04F79EFBC}") = "PrimeHack Updater", "PrimeHack Updater\PrimeHack Updater.csproj", "{BC203460-914A-46A0-90E3-97897438CE4E}"
EndProject
Project("{FAE04EC0-301F-11D3-BF4B-00C04F79EFBC}") = "InternalUpdater", "InternalUpdater\InternalUpdater.csproj", "{9781BFB8-690F-498F-BE50-11279EB4571B}"
EndProject
Project("{FAE04EC0-301F-11D3-BF4B-00C04F79EFBC}") = "PrimeHackSettings", "PrimeHackSettings\PrimeHackSettings.csproj", "{B4B1C97E-013C-408F-906B-40FBEFFE4C3C}"
EndProject
Global
	GlobalSection(SolutionConfigurationPlatforms) = preSolution
		Debug|Any CPU = Debug|Any CPU
		Debug|x64 = Debug|x64
		Debug|x86 = Debug|x86
		Release|Any CPU = Release|Any CPU
		Release|x64 = Release|x64
		Release|x86 = Release|x86
	EndGlobalSection
	GlobalSection(ProjectConfigurationPlatforms) = postSolution
		{BC203460-914A-46A0-90E3-97897438CE4E}.Debug|Any CPU.ActiveCfg = Debug|Any CPU
		{BC203460-914A-46A0-90E3-97897438CE4E}.Debug|Any CPU.Build.0 = Debug|Any CPU
		{BC203460-914A-46A0-90E3-97897438CE4E}.Debug|x64.ActiveCfg = Debug|Any CPU
		{BC203460-914A-46A0-90E3-97897438CE4E}.Debug|x64.Build.0 = Debug|Any CPU
		{BC203460-914A-46A0-90E3-97897438CE4E}.Debug|x86.ActiveCfg = Debug|Any CPU
		{BC203460-914A-46A0-90E3-97897438CE4E}.Debug|x86.Build.0 = Debug|Any CPU
		{BC203460-914A-46A0-90E3-97897438CE4E}.Release|Any CPU.ActiveCfg = Release|Any CPU
		{BC203460-914A-46A0-90E3-97897438CE4E}.Release|Any CPU.Build.0 = Release|Any CPU
		{BC203460-914A-46A0-90E3-97897438CE4E}.Release|x64.ActiveCfg = Release|Any CPU
		{BC203460-914A-46A0-90E3-97897438CE4E}.Release|x64.Build.0 = Release|Any CPU
		{BC203460-914A-46A0-90E3-97897438CE4E}.Release|x86.ActiveCfg = Release|Any CPU
		{BC203460-914A-46A0-90E3-97897438CE4E}.Release|x86.Build.0 = Release|Any CPU
		{9781BFB8-690F-498F-BE50-11279EB4571B}.Debug|Any CPU.ActiveCfg = Debug|Any CPU
		{9781BFB8-690F-498F-BE50-11279EB4571B}.Debug|Any CPU.Build.0 = Debug|Any CPU
		{9781BFB8-690F-498F-BE50-11279EB4571B}.Debug|x64.ActiveCfg = Debug|Any CPU
		{9781BFB8-690F-498F-BE50-11279EB4571B}.Debug|x64.Build.0 = Debug|Any CPU
		{9781BFB8-690F-498F-BE50-11279EB4571B}.Debug|x86.ActiveCfg = Debug|Any CPU
		{9781BFB8-690F-498F-BE50-11279EB4571B}.Debug|x86.Build.0 = Debug|Any CPU
		{9781BFB8-690F-498F-BE50-11279EB4571B}.Release|Any CPU.ActiveCfg = Release|Any CPU
		{9781BFB8-690F-498F-BE50-11279EB4571B}.Release|Any CPU.Build.0 = Release|Any CPU
		{9781BFB8-690F-498F-BE50-11279EB4571B}.Release|x64.ActiveCfg = Release|Any CPU
		{9781BFB8-690F-498F-BE50-11279EB4571B}.Release|x64.Build.0 = Release|Any CPU
		{9781BFB8-690F-498F-BE50-11279EB4571B}.Release|x86.ActiveCfg = Release|Any CPU
		{9781BFB8-690F-498F-BE50-11279EB4571B}.Release|x86.Build.0 = Release|Any CPU
		{B4B1C97E-013C-408F-906B-40FBEFFE4C3C}.Debug|Any CPU.ActiveCfg = Debug|Any CPU
		{B4B1C97E-013C-408F-906B-40FBEFFE4C3C}.Debug|Any CPU.Build.0 = Debug|Any CPU
		{B4B1C97E-013C-408F-906B-40FBEFFE4C3C}.Debug|x64.ActiveCfg = Debug|Any CPU
		{B4B1C97E-013C-408F-906B-40FBEFFE4C3C}.Debug|x64.Build.0 = Debug|Any CPU
		{B4B1C97E-013C-408F-906B-40FBEFFE4C3C}.Debug|x86.ActiveCfg = Debug|Any CPU
		{B4B1C97E-013C-408F-906B-40FBEFFE4C3C}.Debug|x86.Build.0 = Debug|Any CPU
		{B4B1C97E-013C-408F-906B-40FBEFFE4C3C}.Release|Any CPU.ActiveCfg = Release|Any CPU
		{B4B1C97E-013C-408F-906B-40FBEFFE4C3C}.Release|Any CPU.Build.0 = Release|Any CPU
		{B4B1C97E-013C-408F-906B-40FBEFFE4C3C}.Release|x64.ActiveCfg = Release|Any CPU
		{B4B1C97E-013C-408F-906B-40FBEFFE4C3C}.Release|x64.Build.0 = Release|Any CPU
		{B4B1C97E-013C-408F-906B-40FBEFFE4C3C}.Release|x86.ActiveCfg = Release|Any CPU
		{B4B1C97E-013C-408F-906B-40FBEFFE4C3C}.Release|x86.Build.0 = Release|Any CPU
	EndGlobalSection
	GlobalSection(SolutionProperties) = preSolution
		HideSolutionNode = FALSE
	EndGlobalSection
	GlobalSection(ExtensibilityGlobals) = postSolution
		SolutionGuid = {0F6847B1-D077-4163-9778-E02DA2BF808A}
	EndGlobalSection
EndGlobal
